{
  "version": 4,
  "terraform_version": "1.11.2",
  "serial": 20,
  "lineage": "e23c523d-2a85-0208-97c1-be762c4762fe",
  "outputs": {
    "playlist_url": {
      "value": "https://open.spotify.com/playlist/27971eXCMvlGPd2bojNGC8",
      "type": "string"
    }
  },
  "resources": [
    {
      "mode": "data",
      "type": "spotify_search_track",
      "name": "by_artist",
      "provider": "provider[\"registry.terraform.io/conradludgate/spotify\"]",
      "instances": [
        {
          "schema_version": 0,
          "attributes": {
            "album": null,
            "artist": "Anirudh Ravichander",
            "explicit": true,
            "id": "1742993104",
            "limit": 10,
            "name": "Hukum",
            "tracks": [
              {
                "album": "0zRUzTXH7GtGLxt6uVdARD",
                "artists": [
                  "4zCH9qm4R2DADamUHMCa6O",
                  "6sXT8Cggm4tmoxhVjaUVs0"
                ],
                "id": "5DgY6Ab0vpyUMKnY9ubFOF",
                "name": "Hukum - Thalaivar Alappara"
              },
              {
                "album": "09fIr7A4cAEktUmCMg7dJd",
                "artists": [
                  "4zCH9qm4R2DADamUHMCa6O",
                  "6sXT8Cggm4tmoxhVjaUVs0"
                ],
                "id": "3pDbPKZHrpHAWcJVMsrNwA",
                "name": "Hukum - Thalaivar Alappara - Tamil (From \"Jailer\")"
              },
              {
                "album": "3fehKTRZv5h2otLpjVOJq6",
                "artists": [
                  "4zCH9qm4R2DADamUHMCa6O"
                ],
                "id": "57IV0hLaFBsJItvjSLu601",
                "name": "Hukum Reloaded - Tamil (From \"Jailer 2\")"
              },
              {
                "album": "72CICJmh1qsqSPbU4xA7Le",
                "artists": [
                  "4zCH9qm4R2DADamUHMCa6O",
                  "7HwltF8ExwWx43i230aJXM",
                  "1BuW9BEbBIhDu6F13TVxpu"
                ],
                "id": "1VhFZ2cCflcwp74w5Vzv7y",
                "name": "Hukum - Telugu (From \"Jailer\")"
              },
              {
                "album": "6JPtUNM8H5f4JuZ9mblQ7g",
                "artists": [
                  "4zCH9qm4R2DADamUHMCa6O"
                ],
                "id": "4csjXPXeDqVDdJSvlOQJ7z",
                "name": "Hukum Reloaded - Telugu (From \"Jailer 2\")"
              },
              {
                "album": "5qSimWfzLUPp9IVzayOokc",
                "artists": [
                  "4zCH9qm4R2DADamUHMCa6O",
                  "2n2CcYTvgrHcpKGDHtelgz",
                  "5DJ9Jdt2tfopA7eKuHCO4h"
                ],
                "id": "6QRPV2rgnmOTZAvzJLDStt",
                "name": "Hukum - Hindi (From \"Rajini The Jailer\")"
              },
              {
                "album": "17wMf2mpkftir8reS5IOql",
                "artists": [
                  "4zCH9qm4R2DADamUHMCa6O",
                  "7HwltF8ExwWx43i230aJXM",
                  "1BuW9BEbBIhDu6F13TVxpu"
                ],
                "id": "4z2EWlWBhr39eKbpuOlIpW",
                "name": "Hukum"
              },
              {
                "album": "6A79IamjnioWYnnUCozGw3",
                "artists": [
                  "4zCH9qm4R2DADamUHMCa6O"
                ],
                "id": "1u5Yj1mDaO2JlPI4MwVDcN",
                "name": "Hukum Reloaded - Hindi (From \"Rajini The Jailer 2\")"
              },
              {
                "album": "0n6tCOwzR3R6Ke2OQUVIC1",
                "artists": [
                  "4zCH9qm4R2DADamUHMCa6O",
                  "7ag0al5P3y3IzzEh0G7YL8",
                  "26UIfqGxK7O4AV0cDkN5uo"
                ],
                "id": "1zVpNFaChsxmXEQwAV3mmi",
                "name": "Hukum (From \"Jailer\")"
              }
            ],
            "year": null
          },
          "sensitive_attributes": []
        }
      ]
    },
    {
      "mode": "managed",
      "type": "spotify_playlist",
      "name": "playlist",
      "provider": "provider[\"registry.terraform.io/conradludgate/spotify\"]",
      "instances": [
        {
          "schema_version": 0,
          "attributes": {
            "description": "This playlist was created by Terraform",
            "id": "27971eXCMvlGPd2bojNGC8",
            "name": "Terraform Summer Playlist 360",
            "public": true,
            "snapshot_id": "AAAACHFpqwzsEe9AGclxRts4PihCM4hD",
            "tracks": [
              "5DgY6Ab0vpyUMKnY9ubFOF",
              "3pDbPKZHrpHAWcJVMsrNwA",
              "57IV0hLaFBsJItvjSLu601"
            ]
          },
          "sensitive_attributes": [],
          "private": "bnVsbA==",
          "dependencies": [
            "data.spotify_search_track.by_artist"
          ]
        }
      ]
    }
  ],
  "check_results": null
}
